{
  "version": 4,
  "terraform_version": "1.5.3",
  "serial": 15,
  "lineage": "d9de7e81-a305-f8b2-f840-ba4a0fb27f62",
  "outputs": {},
  "resources": [
    {
      "mode": "managed",
      "type": "aws_subnet",
      "name": "subnet1",
      "provider": "provider[\"registry.terraform.io/hashicorp/aws\"]",
      "instances": [
        {
          "schema_version": 1,
          "attributes": {
            "arn": "arn:aws:ec2:us-west-2:368938722695:subnet/subnet-0729d50aafd1c945b",
            "assign_ipv6_address_on_creation": false,
            "availability_zone": "us-west-2d",
            "availability_zone_id": "usw2-az4",
            "cidr_block": "192.168.0.0/24",
            "customer_owned_ipv4_pool": "",
            "enable_dns64": false,
            "enable_lni_at_device_index": 0,
            "enable_resource_name_dns_a_record_on_launch": false,
            "enable_resource_name_dns_aaaa_record_on_launch": false,
            "id": "subnet-0729d50aafd1c945b",
            "ipv6_cidr_block": "",
            "ipv6_cidr_block_association_id": "",
            "ipv6_native": false,
            "map_customer_owned_ip_on_launch": false,
            "map_public_ip_on_launch": false,
            "outpost_arn": "",
            "owner_id": "368938722695",
            "private_dns_hostname_type_on_launch": "ip-name",
            "tags": {
              "Name": "sn1"
            },
            "tags_all": {
              "Name": "sn1"
            },
            "timeouts": null,
            "vpc_id": "vpc-09c68e252df0118d4"
          },
          "sensitive_attributes": [],
          "private": "eyJlMmJmYjczMC1lY2FhLTExZTYtOGY4OC0zNDM2M2JjN2M0YzAiOnsiY3JlYXRlIjo2MDAwMDAwMDAwMDAsImRlbGV0ZSI6MTIwMDAwMDAwMDAwMH0sInNjaGVtYV92ZXJzaW9uIjoiMSJ9",
          "dependencies": [
            "aws_vpc.main"
          ]
        }
      ]
    },
    {
      "mode": "managed",
      "type": "aws_subnet",
      "name": "subnet2",
      "provider": "provider[\"registry.terraform.io/hashicorp/aws\"]",
      "instances": [
        {
          "schema_version": 1,
          "attributes": {
            "arn": "arn:aws:ec2:us-west-2:368938722695:subnet/subnet-0cc63f8ef84c54aea",
            "assign_ipv6_address_on_creation": false,
            "availability_zone": "us-west-2d",
            "availability_zone_id": "usw2-az4",
            "cidr_block": "192.168.1.0/24",
            "customer_owned_ipv4_pool": "",
            "enable_dns64": false,
            "enable_lni_at_device_index": 0,
            "enable_resource_name_dns_a_record_on_launch": false,
            "enable_resource_name_dns_aaaa_record_on_launch": false,
            "id": "subnet-0cc63f8ef84c54aea",
            "ipv6_cidr_block": "",
            "ipv6_cidr_block_association_id": "",
            "ipv6_native": false,
            "map_customer_owned_ip_on_launch": false,
            "map_public_ip_on_launch": false,
            "outpost_arn": "",
            "owner_id": "368938722695",
            "private_dns_hostname_type_on_launch": "ip-name",
            "tags": {
              "Name": "sn2"
            },
            "tags_all": {
              "Name": "sn2"
            },
            "timeouts": null,
            "vpc_id": "vpc-09c68e252df0118d4"
          },
          "sensitive_attributes": [],
          "private": "eyJlMmJmYjczMC1lY2FhLTExZTYtOGY4OC0zNDM2M2JjN2M0YzAiOnsiY3JlYXRlIjo2MDAwMDAwMDAwMDAsImRlbGV0ZSI6MTIwMDAwMDAwMDAwMH0sInNjaGVtYV92ZXJzaW9uIjoiMSJ9",
          "dependencies": [
            "aws_vpc.main"
          ]
        }
      ]
    },
    {
      "mode": "managed",
      "type": "aws_vpc",
      "name": "main",
      "provider": "provider[\"registry.terraform.io/hashicorp/aws\"]",
      "instances": [
        {
          "schema_version": 1,
          "attributes": {
            "arn": "arn:aws:ec2:us-west-2:368938722695:vpc/vpc-09c68e252df0118d4",
            "assign_generated_ipv6_cidr_block": false,
            "cidr_block": "192.168.0.0/16",
            "default_network_acl_id": "acl-05bd9780dc5be4f9f",
            "default_route_table_id": "rtb-0423d4f8da8d4c98d",
            "default_security_group_id": "sg-0d17beb62fbed338c",
            "dhcp_options_id": "dopt-0803e5a5687120634",
            "enable_dns_hostnames": false,
            "enable_dns_support": true,
            "enable_network_address_usage_metrics": false,
            "id": "vpc-09c68e252df0118d4",
            "instance_tenancy": "default",
            "ipv4_ipam_pool_id": null,
            "ipv4_netmask_length": null,
            "ipv6_association_id": "",
            "ipv6_cidr_block": "",
            "ipv6_cidr_block_network_border_group": "",
            "ipv6_ipam_pool_id": "",
            "ipv6_netmask_length": 0,
            "main_route_table_id": "rtb-0423d4f8da8d4c98d",
            "owner_id": "368938722695",
            "tags": {
              "Name": "testvpc"
            },
            "tags_all": {
              "Name": "testvpc"
            }
          },
          "sensitive_attributes": [],
          "private": "eyJzY2hlbWFfdmVyc2lvbiI6IjEifQ=="
        }
      ]
    }
  ],
  "check_results": null
}
