{
  "version": 4,
  "terraform_version": "1.5.3",
  "serial": 3,
  "lineage": "598b4018-7a49-5f3e-df4c-7974fd597add",
  "outputs": {},
  "resources": [
    {
      "mode": "managed",
      "type": "aws_instance",
      "name": "example",
      "provider": "provider[\"registry.terraform.io/hashicorp/aws\"]",
      "instances": [
        {
          "status": "tainted",
          "schema_version": 1,
          "attributes": {
            "ami": "ami-00970f57473724c10",
            "arn": "arn:aws:ec2:us-west-2:368938722695:instance/i-0c063b492be0ea27b",
            "associate_public_ip_address": true,
            "availability_zone": "us-west-2b",
            "capacity_reservation_specification": [
              {
                "capacity_reservation_preference": "open",
                "capacity_reservation_target": []
              }
            ],
            "cpu_core_count": 1,
            "cpu_options": [
              {
                "amd_sev_snp": "",
                "core_count": 1,
                "threads_per_core": 1
              }
            ],
            "cpu_threads_per_core": 1,
            "credit_specification": [
              {
                "cpu_credits": "standard"
              }
            ],
            "disable_api_stop": false,
            "disable_api_termination": false,
            "ebs_block_device": [],
            "ebs_optimized": false,
            "enclave_options": [
              {
                "enabled": false
              }
            ],
            "ephemeral_block_device": [],
            "get_password_data": false,
            "hibernation": false,
            "host_id": "",
            "host_resource_group_arn": null,
            "iam_instance_profile": "",
            "id": "i-0c063b492be0ea27b",
            "instance_initiated_shutdown_behavior": "stop",
            "instance_lifecycle": "",
            "instance_market_options": [],
            "instance_state": "running",
            "instance_type": "t2.micro",
            "ipv6_address_count": 0,
            "ipv6_addresses": [],
            "key_name": "demo_key",
            "launch_template": [],
            "maintenance_options": [
              {
                "auto_recovery": "default"
              }
            ],
            "metadata_options": [
              {
                "http_endpoint": "enabled",
                "http_put_response_hop_limit": 2,
                "http_tokens": "required",
                "instance_metadata_tags": "disabled"
              }
            ],
            "monitoring": false,
            "network_interface": [],
            "outpost_arn": "",
            "password_data": "",
            "placement_group": "",
            "placement_partition_number": 0,
            "primary_network_interface_id": "eni-0edaf2ba42d3e08b4",
            "private_dns": "ip-172-31-24-170.us-west-2.compute.internal",
            "private_dns_name_options": [
              {
                "enable_resource_name_dns_a_record": false,
                "enable_resource_name_dns_aaaa_record": false,
                "hostname_type": "ip-name"
              }
            ],
            "private_ip": "172.31.24.170",
            "public_dns": "ec2-34-219-31-234.us-west-2.compute.amazonaws.com",
            "public_ip": "34.219.31.234",
            "root_block_device": [
              {
                "delete_on_termination": true,
                "device_name": "/dev/xvda",
                "encrypted": false,
                "iops": 3000,
                "kms_key_id": "",
                "tags": {},
                "throughput": 125,
                "volume_id": "vol-093fd819b7130229c",
                "volume_size": 8,
                "volume_type": "gp3"
              }
            ],
            "secondary_private_ips": [],
            "security_groups": [
              "LinuxSG"
            ],
            "source_dest_check": true,
            "spot_instance_request_id": "",
            "subnet_id": "subnet-0c72c059eb405c8b3",
            "tags": null,
            "tags_all": {},
            "tenancy": "default",
            "timeouts": null,
            "user_data": null,
            "user_data_base64": null,
            "user_data_replace_on_change": false,
            "volume_tags": null,
            "vpc_security_group_ids": [
              "sg-07ba58c4c9914f12a"
            ]
          },
          "sensitive_attributes": [],
          "private": "eyJlMmJmYjczMC1lY2FhLTExZTYtOGY4OC0zNDM2M2JjN2M0YzAiOnsiY3JlYXRlIjo2MDAwMDAwMDAwMDAsImRlbGV0ZSI6MTIwMDAwMDAwMDAwMCwidXBkYXRlIjo2MDAwMDAwMDAwMDB9LCJzY2hlbWFfdmVyc2lvbiI6IjEifQ==",
          "dependencies": [
            "aws_key_pair.example"
          ]
        }
      ]
    },
    {
      "mode": "managed",
      "type": "aws_key_pair",
      "name": "example",
      "provider": "provider[\"registry.terraform.io/hashicorp/aws\"]",
      "instances": [
        {
          "schema_version": 1,
          "attributes": {
            "arn": "arn:aws:ec2:us-west-2:368938722695:key-pair/demo_key",
            "fingerprint": "e1:96:23:94:3a:be:0c:82:fb:d4:06:24:80:ff:70:99",
            "id": "demo_key",
            "key_name": "demo_key",
            "key_name_prefix": "",
            "key_pair_id": "key-067f96bf7c1a21739",
            "key_type": "rsa",
            "public_key": "ssh-rsa AAAAB3NzaC1yc2EAAAADAQABAAABgQCkt+lQdh/aB4cpfF8wS9fRJxAl6tyswDnOSpJbsgkpB9eKbMmtg19h9xmYq9HVNCFy2SstDQJLcEj1oxZo16fVcwzqN2zPonqDN8/gPMFwSwVdSWkUBMXWv24XUImuIcdZJdP3YAXGZVJGicjC+Ypv/TdweGLY7nklNgcFpyRBrhjdBi65fTDk7LUGzkHN71MwNJvWK1O4doDlbFJc1jGq0qPUo3vQh8cyUOPGAVoMYu87k6zlgKusNhU+POlRLc/h61jc3qMnCGwSj/z9R0CrvMawaonih8jqVRd9jCpdr/zsrrVazFEXZ6hfXl6E2ZS02QFUwnj9z/RU/va/viIOp4f1Iu5V/24+uX5HFlOPtjrrlJBpZnt2jWucBeRCLIgkUb0lgmNdWkOheU3XtlekK3mOLV8sb5DnxCiC25NJnxlu7HySBpwaJKtARxtBA8bMFv+Qb7hq6UDSWkhyo3uNfl4nmD0mB+TYsH85wM8kBDdyPEuy8ynDnwGP4YnFHh8= jrayala@Jagadeeshs-MacBook-Pro.local",
            "tags": null,
            "tags_all": {}
          },
          "sensitive_attributes": [],
          "private": "eyJzY2hlbWFfdmVyc2lvbiI6IjEifQ=="
        }
      ]
    }
  ],
  "check_results": null
}
